
Microsoft Visual Studio Solution File, Format Version 9.00
# Visual Studio 2005
Project("{FAE04EC0-301F-11D3-BF4B-00C04F79EFBC}") = "recv_pop2", "recv_pop2\recv_pop2.csproj", "{FAB7F317-0A98-4794-A7C3-47F2BDAEDCD6}"
EndProject
Global
	GlobalSection(SolutionConfigurationPlatforms) = preSolution
		Debug|Any CPU = Debug|Any CPU
		Release|Any CPU = Release|Any CPU
	EndGlobalSection
	GlobalSection(ProjectConfigurationPlatforms) = postSolution
		{FAB7F317-0A98-4794-A7C3-47F2BDAEDCD6}.Debug|Any CPU.ActiveCfg = Debug|Any CPU
		{FAB7F317-0A98-4794-A7C3-47F2BDAEDCD6}.Debug|Any CPU.Build.0 = Debug|Any CPU
		{FAB7F317-0A98-4794-A7C3-47F2BDAEDCD6}.Release|Any CPU.ActiveCfg = Release|Any CPU
		{FAB7F317-0A98-4794-A7C3-47F2BDAEDCD6}.Release|Any CPU.Build.0 = Release|Any CPU
	EndGlobalSection
	GlobalSection(SolutionProperties) = preSolution
		HideSolutionNode = FALSE
	EndGlobalSection
EndGlobal
